
Microsoft Visual Studio Solution File, Format Version 12.00
# Visual Studio Version 16
VisualStudioVersion = 16.0.29009.5
MinimumVisualStudioVersion = 10.0.40219.1
Project("{2150E333-8FDC-42A3-9474-1A3956D46DE8}") = "Euronext", "Euronext", "{EB1DEFE8-ABF5-46EB-8320-0DA5A0FCA018}"
	ProjectSection(SolutionItems) = preProject
		Euronext\Euronext.cs = Euronext\Euronext.cs
		Euronext\EuronextActualInstruments.cs = Euronext\EuronextActualInstruments.cs
		Euronext\EuronextEodHistory.cs = Euronext\EuronextEodHistory.cs
		Euronext\EuronextEodIntraday.cs = Euronext\EuronextEodIntraday.cs
		Euronext\EuronextEodPrice.cs = Euronext\EuronextEodPrice.cs
		Euronext\EuronextExecutor.cs = Euronext\EuronextExecutor.cs
		Euronext\EuronextInstrumentAudit.cs = Euronext\EuronextInstrumentAudit.cs
		Euronext\EuronextInstrumentContext.cs = Euronext\EuronextInstrumentContext.cs
		Euronext\EuronextInstrumentEnrichment.cs = Euronext\EuronextInstrumentEnrichment.cs
		Euronext\EuronextInstrumentXml.cs = Euronext\EuronextInstrumentXml.cs
	EndProjectSection
EndProject
Project("{2150E333-8FDC-42A3-9474-1A3956D46DE8}") = "Utils", "Utils", "{3401F159-3E53-4A00-BAF6-B5302F3287BE}"
	ProjectSection(SolutionItems) = preProject
		Utils\Computus.cs = Utils\Computus.cs
		Utils\Cuisp.cs = Utils\Cuisp.cs
		Utils\Downloader.cs = Utils\Downloader.cs
		Utils\Isin.cs = Utils\Isin.cs
		Utils\JulianDate.cs = Utils\JulianDate.cs
		Utils\JulianDayNumber.cs = Utils\JulianDayNumber.cs
		Utils\Packager.cs = Utils\Packager.cs
		Utils\Sedol.cs = Utils\Sedol.cs
		Utils\XmlTags.cs = Utils\XmlTags.cs
	EndProjectSection
EndProject
Project("{2150E333-8FDC-42A3-9474-1A3956D46DE8}") = "Euribor", "Euribor", "{92524D21-4E93-4C08-B0FB-C705F1B40103}"
EndProject
Project("{2150E333-8FDC-42A3-9474-1A3956D46DE8}") = "Eonia", "Eonia", "{C6069551-F157-4912-9C46-3F5EC7CDB551}"
EndProject
Project("{FAE04EC0-301F-11D3-BF4B-00C04F79EFBC}") = "EuronextIntradayUpdate", "EuronextIntradayUpdate\EuronextIntradayUpdate.csproj", "{B50862E3-ADC7-44F7-A1BF-763258D39CF1}"
EndProject
Project("{FAE04EC0-301F-11D3-BF4B-00C04F79EFBC}") = "EuronextHistoryUpdate", "EuronextHistoryUpdate\EuronextHistoryUpdate.csproj", "{7103E9FC-4EEA-47F9-8B6F-448F5D874D67}"
EndProject
Project("{FAE04EC0-301F-11D3-BF4B-00C04F79EFBC}") = "DukascopyFxUpdate", "DukascopyFxUpdate\DukascopyFxUpdate.csproj", "{7103E9FC-4EEA-47F9-8B6F-748F5D874D67}"
EndProject
Project("{FAE04EC0-301F-11D3-BF4B-00C04F79EFBC}") = "EuronextDiscover", "EuronextDiscover\EuronextDiscover.csproj", "{7103E9FC-4EEA-47F9-8B6F-448F5D874D68}"
EndProject
Project("{FAE04EC0-301F-11D3-BF4B-00C04F79EFBC}") = "EcbDailyUpdate", "EcbDailyUpdate\EcbDailyUpdate.csproj", "{A4D4AD16-F7BC-4289-A135-E8388D2B8E9C}"
EndProject
Project("{FAE04EC0-301F-11D3-BF4B-00C04F79EFBC}") = "ConvertSecurityFiles", "ConvertSecurityFiles\ConvertSecurityFiles.csproj", "{A4D4AD16-F7BC-4289-A135-D8388D2B8E9D}"
EndProject
Project("{FAE04EC0-301F-11D3-BF4B-00C04F79EFBC}") = "InstrumentFileAuditor", "InstrumentFileAuditor\InstrumentFileAuditor.csproj", "{A4D4AD16-F7BC-4289-A135-D8388D2B8E9C}"
EndProject
Project("{FAE04EC0-301F-11D3-BF4B-00C04F79EFBC}") = "RenameLog", "RenameLog\RenameLog.csproj", "{1B63EF22-5E7D-42A1-B339-B95D2071BBFC}"
EndProject
Project("{FAE04EC0-301F-11D3-BF4B-00C04F79EFBC}") = "InstrumentIndexAuditor", "InstrumentIndexAuditor\InstrumentIndexAuditor.csproj", "{FD2A8B4E-78DF-4B35-B37C-26A557ED1874}"
EndProject
Project("{FAE04EC0-301F-11D3-BF4B-00C04F79EFBC}") = "EuronextInstrumentIndexConverter", "EuronextInstrumentIndexConverter\EuronextInstrumentIndexConverter.csproj", "{C789D9DB-C87A-48E7-A409-7487F2552E86}"
EndProject
Project("{FAE04EC0-301F-11D3-BF4B-00C04F79EFBC}") = "EuriborConvert", "EuriborConvert\EuriborConvert.csproj", "{889FF08D-CE40-4573-9DF0-9A22183873A9}"
EndProject
Project("{FAE04EC0-301F-11D3-BF4B-00C04F79EFBC}") = "EuriborUpdate", "EuriborUpdate\EuriborUpdate.csproj", "{C7F40707-92CA-4CAD-AFB9-C02E5F52377C}"
EndProject
Project("{FAE04EC0-301F-11D3-BF4B-00C04F79EFBC}") = "EoniaUpdate", "EoniaUpdate\EoniaUpdate.csproj", "{B1310CE4-11A5-4DCA-A5E7-2F21CDEF40A2}"
EndProject
Project("{FAE04EC0-301F-11D3-BF4B-00C04F79EFBC}") = "EoniaConvert", "EoniaConvert\EoniaConvert.csproj", "{1FEA71AF-2EE0-4B5B-A68A-26D3022E322B}"
EndProject
Project("{FAE04EC0-301F-11D3-BF4B-00C04F79EFBC}") = "InstrumentFileXml2h5", "InstrumentFileXml2h5\InstrumentFileXml2h5.csproj", "{A4E4AE16-F7BC-4289-A135-F8384E2B8E9D}"
EndProject
Project("{FAE04EC0-301F-11D3-BF4B-00C04F79EFBC}") = "InstrumentFileXmlStatistics", "InstrumentFileXmlStatistics\InstrumentFileXmlStatistics.csproj", "{A4D4AD16-D7BC-4289-A135-D8388D2B8E9D}"
EndProject
Project("{2150E333-8FDC-42A3-9474-1A3956D46DE8}") = "Ecb", "Ecb", "{0C123792-9D7B-4522-AF08-4A5A9083BAEC}"
EndProject
Project("{2150E333-8FDC-42A3-9474-1A3956D46DE8}") = "Libor", "Libor", "{46ED9234-91DD-4C47-BCC8-232B32014C93}"
EndProject
Project("{FAE04EC0-301F-11D3-BF4B-00C04F79EFBC}") = "LiborConvert", "LiborConvert\LiborConvert.csproj", "{889FF08D-CE40-4573-9DF0-9A22183873B9}"
EndProject
Project("{FAE04EC0-301F-11D3-BF4B-00C04F79EFBC}") = "LiborUpdate", "LiborUpdate\LiborUpdate.csproj", "{FC120668-AA9A-45C1-9B83-570F677C11D8}"
EndProject
Project("{2150E333-8FDC-42A3-9474-1A3956D46DE8}") = "Dukascopy", "Dukascopy", "{F7E1ECAC-B5FE-4C7D-AE57-EAAA26CFA0ED}"
EndProject
Project("{2150E333-8FDC-42A3-9474-1A3956D46DE8}") = "Ebf", "Ebf", "{17116CE1-F2C2-4151-8617-9E40F61A5C3B}"
EndProject
Project("{FAE04EC0-301F-11D3-BF4B-00C04F79EFBC}") = "EurepoConvert", "EurepoConvert\EurepoConvert.csproj", "{889FD0DD-DE40-4573-9DF0-9A22183873A9}"
EndProject
Project("{FAE04EC0-301F-11D3-BF4B-00C04F79EFBC}") = "EurepoUpdate", "EurepoUpdate\EurepoUpdate.csproj", "{C7F407A7-92AA-4CAD-AFB9-C02E5F52377C}"
EndProject
Project("{2150E333-8FDC-42A3-9474-1A3956D46DE8}") = "Eurepo", "Eurepo", "{C6360B7B-04FC-48D4-9BF2-98C7F7B5067F}"
EndProject
Project("{2150E333-8FDC-42A3-9474-1A3956D46DE8}") = "Eoniaswap", "Eoniaswap", "{9817ABC2-2847-4917-ACA9-EFD4DECF20E1}"
EndProject
Project("{FAE04EC0-301F-11D3-BF4B-00C04F79EFBC}") = "EoniaswapConvert", "EoniaswapConvert\EoniaswapConvert.csproj", "{889CC0CD-DE40-4573-9DF0-9A22183873A9}"
EndProject
Project("{FAE04EC0-301F-11D3-BF4B-00C04F79EFBC}") = "EoniaswapUpdate", "EoniaswapUpdate\EoniaswapUpdate.csproj", "{C7F40707-83CA-4CAD-AFB9-C02E5F52377C}"
EndProject
Project("{2150E333-8FDC-42A3-9474-1A3956D46DE8}") = "Bba", "Bba", "{94A4A114-E5E5-4D16-B9FB-E1C251D76E21}"
EndProject
Project("{2150E333-8FDC-42A3-9474-1A3956D46DE8}") = "GainCapital", "GainCapital", "{8B118BCB-7671-475E-8AFF-870BC7C079A5}"
EndProject
Project("{2150E333-8FDC-42A3-9474-1A3956D46DE8}") = "Shared", "Shared", "{07284C4A-8F86-4FA2-BCBE-11FB7B0193FF}"
EndProject
Project("{2150E333-8FDC-42A3-9474-1A3956D46DE8}") = "Euronext", "Euronext", "{F03053AE-3E87-449B-876B-1D30EB75BEA0}"
EndProject
Project("{FAE04EC0-301F-11D3-BF4B-00C04F79EFBC}") = "SidcSsnConvert", "SidcSsnConvert\SidcSsnConvert.csproj", "{1FEA71AF-2ADC-4B5B-A68A-26D3022E322B}"
EndProject
Project("{FAE04EC0-301F-11D3-BF4B-00C04F79EFBC}") = "SidcSsnUpdate", "SidcSsnUpdate\SidcSsnUpdate.csproj", "{B1310CE4-33A1-4DCA-A5E7-2F21CDEF40A2}"
EndProject
Project("{2150E333-8FDC-42A3-9474-1A3956D46DE8}") = "GeoSolar", "GeoSolar", "{B34484C5-74AC-4C1B-80AD-C65AB92D6C84}"
EndProject
Project("{2150E333-8FDC-42A3-9474-1A3956D46DE8}") = "SIDC", "SIDC", "{98C76247-E331-4B97-8C74-B6F632D4E745}"
EndProject
Project("{FAE04EC0-301F-11D3-BF4B-00C04F79EFBC}") = "SwpcGoesUpdate", "SwpcGoesUpdate\SwpcGoesUpdate.csproj", "{B1310CE5-55A5-4DCA-A5E7-2F21CDEF40A2}"
EndProject
Project("{2150E333-8FDC-42A3-9474-1A3956D46DE8}") = "SWPC", "SWPC", "{55263ABD-E554-4C60-8FA1-94E194D9B0EE}"
EndProject
Project("{FAE04EC0-301F-11D3-BF4B-00C04F79EFBC}") = "SwpcGoesConvert", "SwpcGoesConvert\SwpcGoesConvert.csproj", "{779AA08D-CE40-4573-9DF0-9A22183873B9}"
EndProject
Project("{FAE04EC0-301F-11D3-BF4B-00C04F79EFBC}") = "SwpcDxdConvert", "SwpcDxdConvert\SwpcDxdConvert.csproj", "{879AB08D-BE40-4573-9DF0-9A22183873B9}"
EndProject
Project("{FAE04EC0-301F-11D3-BF4B-00C04F79EFBC}") = "SwpcDxdUpdate", "SwpcDxdUpdate\SwpcDxdUpdate.csproj", "{B1610CE5-66A5-4DCA-A5E7-2F21CDEF40A2}"
EndProject
Project("{FAE04EC0-301F-11D3-BF4B-00C04F79EFBC}") = "SwpcAceUpdate", "SwpcAceUpdate\SwpcAceUpdate.csproj", "{D1710CE5-73A5-4DCA-A5E7-2F21CDEF40A7}"
EndProject
Project("{FAE04EC0-301F-11D3-BF4B-00C04F79EFBC}") = "SwpcAceConvert", "SwpcAceConvert\SwpcAceConvert.csproj", "{789AB08D-CE40-4573-9DF0-9A2218387349}"
EndProject
Project("{FAE04EC0-301F-11D3-BF4B-00C04F79EFBC}") = "Knap", "Knap\Knap.csproj", "{1AEF71FA-2EE0-4B5B-A68A-26D3022E322B}"
EndProject
Project("{FAE04EC0-301F-11D3-BF4B-00C04F79EFBC}") = "Knip", "Knip\Knip.csproj", "{BAECD995-4E82-4B26-921F-6E6CD5B638D7}"
EndProject
Project("{2150E333-8FDC-42A3-9474-1A3956D46DE8}") = "Misc", "Misc", "{2A905732-BAEF-4C67-84F4-8F1430DBDF37}"
EndProject
Project("{FAE04EC0-301F-11D3-BF4B-00C04F79EFBC}") = "SorceTsiUpdate", "SorceTsiUpdate\SorceTsiUpdate.csproj", "{B3310CE5-53A5-4DCA-A5E7-2F21CDEF40A2}"
EndProject
Project("{2150E333-8FDC-42A3-9474-1A3956D46DE8}") = "SORCE", "SORCE", "{D6D33DEC-373D-404F-B52F-D82DB98144DA}"
EndProject
Project("{2150E333-8FDC-42A3-9474-1A3956D46DE8}") = "NGDC", "NGDC", "{8CEFE857-896E-4D5E-B801-EE706442BB3D}"
EndProject
Project("{FAE04EC0-301F-11D3-BF4B-00C04F79EFBC}") = "NgdcAastarUpdate", "NgdcAastarUpdate\NgdcAastarUpdate.csproj", "{B3310CE5-53A5-4FCA-A5E7-2F21CDEA40A2}"
EndProject
Project("{FAE04EC0-301F-11D3-BF4B-00C04F79EFBC}") = "NgdcApstarUpdate", "NgdcApstarUpdate\NgdcApstarUpdate.csproj", "{3C410CE5-53A5-4FCA-A5E7-2F21CDEA40A2}"
EndProject
Project("{FAE04EC0-301F-11D3-BF4B-00C04F79EFBC}") = "NgdcDstUpdate", "NgdcDstUpdate\NgdcDstUpdate.csproj", "{3A410CE5-0000-0000-0000-000000000000}"
EndProject
Project("{FAE04EC0-301F-11D3-BF4B-00C04F79EFBC}") = "NgdcKpApUpdate", "NgdcKpApUpdate\NgdcKpApUpdate.csproj", "{A3AA7FD1-5EA6-4550-9813-E8055C540506}"
EndProject
Project("{FAE04EC0-301F-11D3-BF4B-00C04F79EFBC}") = "ObvionConvert", "ObvionConvert\ObvionConvert.csproj", "{88F9D0DD-DE40-4573-9DF0-9A22183873A9}"
EndProject
Project("{2150E333-8FDC-42A3-9474-1A3956D46DE8}") = "Obvion", "Obvion", "{9231D36B-21F9-4579-8B20-B5F258BD442D}"
EndProject
Project("{FAE04EC0-301F-11D3-BF4B-00C04F79EFBC}") = "GaincapitalFxUpdate", "GaincapitalFxUpdate\GaincapitalFxUpdate.csproj", "{8803E9F8-4EEA-47F9-8B6F-748F5D874D68}"
EndProject
Project("{FAE04EC0-301F-11D3-BF4B-00C04F79EFBC}") = "KnipCsv", "KnipCsv\KnipCsv.csproj", "{BAECD885-4E82-4B26-821F-6E6CD5B638D7}"
EndProject
Project("{FAE04EC0-301F-11D3-BF4B-00C04F79EFBC}") = "SohoUpdate", "SohoUpdate\SohoUpdate.csproj", "{B1310CE5-65A7-1DCA-A5E7-2F21CDEF40A2}"
EndProject
Project("{2150E333-8FDC-42A3-9474-1A3956D46DE8}") = "SOHO", "SOHO", "{0ED3C51A-92DC-4321-97C4-0EDFC51837B0}"
EndProject
Project("{FAE04EC0-301F-11D3-BF4B-00C04F79EFBC}") = "SohoConvert", "SohoConvert\SohoConvert.csproj", "{779AA08D-CA20-4573-9DF0-9A22183873B9}"
EndProject
Project("{FAE04EC0-301F-11D3-BF4B-00C04F79EFBC}") = "EuronextCollectIllegalTimestamps", "EuronextCollectIllegalTimestamps\EuronextCollectIllegalTimestamps.csproj", "{A4D4AD16-F8BC-4279-A135-D8387D2B8E9D}"
EndProject
Project("{2150E333-8FDC-42A3-9474-1A3956D46DE8}") = "Fibbs", "Fibbs", "{28E23A63-5EFC-426D-9927-A5CAF7B2CD0E}"
EndProject
Project("{FAE04EC0-301F-11D3-BF4B-00C04F79EFBC}") = "FibbsDownload", "FibbsDownload\FibbsDownload.csproj", "{8503E9F8-4EEA-41F9-8B6F-718F5D874D67}"
EndProject
Project("{FAE04EC0-301F-11D3-BF4B-00C04F79EFBC}") = "NedkoersDownload", "NedkoersDownload\NedkoersDownload.csproj", "{8503F1E8-4EEA-41F9-8B6F-718F5D874D67}"
EndProject
Project("{FAE04EC0-301F-11D3-BF4B-00C04F79EFBC}") = "Fix15sec", "Fix15sec\Fix15sec.csproj", "{BAECD995-7E82-4B26-921F-6E6CD5B638D7}"
EndProject
Project("{FAE04EC0-301F-11D3-BF4B-00C04F79EFBC}") = "DukascopyUpdate", "DukascopyUpdate\DukascopyUpdate.csproj", "{7103E9FC-4EEA-47F8-8B6F-748F5D874D67}"
EndProject
Project("{2150E333-8FDC-42A3-9474-1A3956D46DE8}") = "Liffe", "Liffe", "{86915965-C8B9-4223-AD69-64721434B0FE}"
EndProject
Project("{FAE04EC0-301F-11D3-BF4B-00C04F79EFBC}") = "LiffeUpdate", "LiffeUpdate\LiffeUpdate.csproj", "{66E67FA5-F957-4078-92AD-53761D55D1C4}"
EndProject
Project("{FAE04EC0-301F-11D3-BF4B-00C04F79EFBC}") = "ImportCsv", "ImportCsv\ImportCsv.csproj", "{3A7E0A30-2AE6-4595-B88B-F76332025B50}"
EndProject
Project("{FAE04EC0-301F-11D3-BF4B-00C04F79EFBC}") = "EuronextEnrich", "EuronextEnrich\EuronextEnrich.csproj", "{170E39CF-4EAE-47F9-8B6F-484F5D874D68}"
EndProject
Project("{FAE04EC0-301F-11D3-BF4B-00C04F79EFBC}") = "EuronextAudit", "EuronextAudit\EuronextAudit.csproj", "{150E39CF-4EAE-47F9-8B6F-487F5D874D68}"
EndProject
Project("{FAE04EC0-301F-11D3-BF4B-00C04F79EFBC}") = "EuronextBigConverter", "EuronextBigConverter\EuronextBigConverter.csproj", "{150E29CF-4EAE-47F9-2B6F-487F52874D68}"
EndProject
Project("{2150E333-8FDC-42A3-9474-1A3956D46DE8}") = "Futures", "Futures", "{17F3A510-CACF-41F4-B1D0-7ACE69BC847E}"
EndProject
Project("{FAE04EC0-301F-11D3-BF4B-00C04F79EFBC}") = "CmeFutureUpdate", "CmeFutureUpdate\CmeFutureUpdate.csproj", "{A4A4AD16-F7BC-5289-A135-E83D8D2B8E9C}"
EndProject
Project("{FAE04EC0-301F-11D3-BF4B-00C04F79EFBC}") = "LiborFred2Update", "LiborFred2Update\LiborFred2Update.csproj", "{FC120668-AA9A-45C1-9B83-610F677C11D8}"
EndProject
Project("{FAE04EC0-301F-11D3-BF4B-00C04F79EFBC}") = "EuronextIntradayJoin", "EuronextIntradayJoin\EuronextIntradayJoin.csproj", "{BAECD885-4E82-4B26-821F-6E6CD5B6470A}"
EndProject
Project("{FAE04EC0-301F-11D3-BF4B-00C04F79EFBC}") = "EuronextIntradaySplit", "EuronextIntradaySplit\EuronextIntradaySplit.csproj", "{BAECD885-4E82-4B26-821F-6E6CD5B647A0}"
EndProject
Project("{FAE04EC0-301F-11D3-BF4B-00C04F79EFBC}") = "NyseUpdate", "NyseUpdate\NyseUpdate.csproj", "{8503E9F8-4EEA-41F9-8B6F-778F5D877D67}"
EndProject
Project("{FAE04EC0-301F-11D3-BF4B-00C04F79EFBC}") = "EuronextJsonExport", "EuronextJsonExport\EuronextJsonExport.csproj", "{A9379F2F-0170-4575-A755-D07E649543AB}"
EndProject
Project("{FAE04EC0-301F-11D3-BF4B-00C04F79EFBC}") = "EuronextHistoryUpdateCollectAdjustments", "EuronextHistoryUpdateCollectAdjustments\EuronextHistoryUpdateCollectAdjustments.csproj", "{A4D4AD16-F8BC-4279-A135-D8387D2B8E9F}"
EndProject
Project("{FAE04EC0-301F-11D3-BF4B-00C04F79EFBC}") = "EuronextHistoryRepair", "EuronextHistoryRepair\EuronextHistoryRepair.csproj", "{CE9404E3-8FEF-4024-8810-EC7A13D6C439}"
EndProject
Project("{2150E333-8FDC-42A3-9474-1A3956D46DE8}") = "Terminated", "Terminated", "{41A56939-8A86-45BE-BF7D-E252F5B8F542}"
EndProject
Project("{2150E333-8FDC-42A3-9474-1A3956D46DE8}") = "Ebf", "Ebf", "{F0416901-5E1B-4986-ABA4-6AF2CC29007C}"
EndProject
Project("{2150E333-8FDC-42A3-9474-1A3956D46DE8}") = "Estr", "Estr", "{BC5C5B1B-FE11-44E5-B9A1-4F04F25B9740}"
EndProject
Project("{FAE04EC0-301F-11D3-BF4B-00C04F79EFBC}") = "EstrUpdate", "EstrUpdate\EstrUpdate.csproj", "{76174FDC-EA24-4243-A52D-05D8B019FF88}"
EndProject
Project("{FAE04EC0-301F-11D3-BF4B-00C04F79EFBC}") = "SortCsv", "SortCsv\SortCsv.csproj", "{F0B61CB6-597A-4398-874A-D1E7FF31637D}"
EndProject
Project("{FAE04EC0-301F-11D3-BF4B-00C04F79EFBC}") = "EuronextDataDateRange", "EuronextDataDateRange\EuronextDataDateRange.csproj", "{B22A1A81-0AF5-4016-BA45-6AF4B5F7F55F}"
EndProject
Project("{FAE04EC0-301F-11D3-BF4B-00C04F79EFBC}") = "RannForexDownload", "RannForexDownload\RannForexDownload.csproj", "{48ABEF65-A069-49BA-A474-B817334914BE}"
EndProject
Global
	GlobalSection(SolutionConfigurationPlatforms) = preSolution
		Debug|x64 = Debug|x64
		Release|x64 = Release|x64
		Description = Mbrane download tools
	EndGlobalSection
	GlobalSection(ProjectConfigurationPlatforms) = postSolution
		{B50862E3-ADC7-44F7-A1BF-763258D39CF1}.Debug|x64.ActiveCfg = Debug|x64
		{B50862E3-ADC7-44F7-A1BF-763258D39CF1}.Debug|x64.Build.0 = Debug|x64
		{B50862E3-ADC7-44F7-A1BF-763258D39CF1}.Release|x64.ActiveCfg = Release|x64
		{B50862E3-ADC7-44F7-A1BF-763258D39CF1}.Release|x64.Build.0 = Release|x64
		{7103E9FC-4EEA-47F9-8B6F-448F5D874D67}.Debug|x64.ActiveCfg = Debug|x64
		{7103E9FC-4EEA-47F9-8B6F-448F5D874D67}.Debug|x64.Build.0 = Debug|x64
		{7103E9FC-4EEA-47F9-8B6F-448F5D874D67}.Release|x64.ActiveCfg = Release|x64
		{7103E9FC-4EEA-47F9-8B6F-448F5D874D67}.Release|x64.Build.0 = Release|x64
		{7103E9FC-4EEA-47F9-8B6F-748F5D874D67}.Debug|x64.ActiveCfg = Debug|x64
		{7103E9FC-4EEA-47F9-8B6F-748F5D874D67}.Debug|x64.Build.0 = Debug|x64
		{7103E9FC-4EEA-47F9-8B6F-748F5D874D67}.Release|x64.ActiveCfg = Release|x64
		{7103E9FC-4EEA-47F9-8B6F-748F5D874D67}.Release|x64.Build.0 = Release|x64
		{7103E9FC-4EEA-47F9-8B6F-448F5D874D68}.Debug|x64.ActiveCfg = Debug|x64
		{7103E9FC-4EEA-47F9-8B6F-448F5D874D68}.Debug|x64.Build.0 = Debug|x64
		{7103E9FC-4EEA-47F9-8B6F-448F5D874D68}.Release|x64.ActiveCfg = Release|x64
		{7103E9FC-4EEA-47F9-8B6F-448F5D874D68}.Release|x64.Build.0 = Release|x64
		{A4D4AD16-F7BC-4289-A135-E8388D2B8E9C}.Debug|x64.ActiveCfg = Debug|x64
		{A4D4AD16-F7BC-4289-A135-E8388D2B8E9C}.Debug|x64.Build.0 = Debug|x64
		{A4D4AD16-F7BC-4289-A135-E8388D2B8E9C}.Release|x64.ActiveCfg = Release|x64
		{A4D4AD16-F7BC-4289-A135-E8388D2B8E9C}.Release|x64.Build.0 = Release|x64
		{A4D4AD16-F7BC-4289-A135-D8388D2B8E9D}.Debug|x64.ActiveCfg = Debug|x64
		{A4D4AD16-F7BC-4289-A135-D8388D2B8E9D}.Debug|x64.Build.0 = Debug|x64
		{A4D4AD16-F7BC-4289-A135-D8388D2B8E9D}.Release|x64.ActiveCfg = Release|x64
		{A4D4AD16-F7BC-4289-A135-D8388D2B8E9D}.Release|x64.Build.0 = Release|x64
		{A4D4AD16-F7BC-4289-A135-D8388D2B8E9C}.Debug|x64.ActiveCfg = Debug|x64
		{A4D4AD16-F7BC-4289-A135-D8388D2B8E9C}.Debug|x64.Build.0 = Debug|x64
		{A4D4AD16-F7BC-4289-A135-D8388D2B8E9C}.Release|x64.ActiveCfg = Release|x64
		{A4D4AD16-F7BC-4289-A135-D8388D2B8E9C}.Release|x64.Build.0 = Release|x64
		{1B63EF22-5E7D-42A1-B339-B95D2071BBFC}.Debug|x64.ActiveCfg = Debug|x64
		{1B63EF22-5E7D-42A1-B339-B95D2071BBFC}.Debug|x64.Build.0 = Debug|x64
		{1B63EF22-5E7D-42A1-B339-B95D2071BBFC}.Release|x64.ActiveCfg = Release|x64
		{1B63EF22-5E7D-42A1-B339-B95D2071BBFC}.Release|x64.Build.0 = Release|x64
		{FD2A8B4E-78DF-4B35-B37C-26A557ED1874}.Debug|x64.ActiveCfg = Debug|x64
		{FD2A8B4E-78DF-4B35-B37C-26A557ED1874}.Debug|x64.Build.0 = Debug|x64
		{FD2A8B4E-78DF-4B35-B37C-26A557ED1874}.Release|x64.ActiveCfg = Release|x64
		{FD2A8B4E-78DF-4B35-B37C-26A557ED1874}.Release|x64.Build.0 = Release|x64
		{C789D9DB-C87A-48E7-A409-7487F2552E86}.Debug|x64.ActiveCfg = Debug|x64
		{C789D9DB-C87A-48E7-A409-7487F2552E86}.Debug|x64.Build.0 = Debug|x64
		{C789D9DB-C87A-48E7-A409-7487F2552E86}.Release|x64.ActiveCfg = Release|x64
		{C789D9DB-C87A-48E7-A409-7487F2552E86}.Release|x64.Build.0 = Release|x64
		{889FF08D-CE40-4573-9DF0-9A22183873A9}.Debug|x64.ActiveCfg = Debug|x64
		{889FF08D-CE40-4573-9DF0-9A22183873A9}.Debug|x64.Build.0 = Debug|x64
		{889FF08D-CE40-4573-9DF0-9A22183873A9}.Release|x64.ActiveCfg = Release|x64
		{889FF08D-CE40-4573-9DF0-9A22183873A9}.Release|x64.Build.0 = Release|x64
		{C7F40707-92CA-4CAD-AFB9-C02E5F52377C}.Debug|x64.ActiveCfg = Debug|x64
		{C7F40707-92CA-4CAD-AFB9-C02E5F52377C}.Debug|x64.Build.0 = Debug|x64
		{C7F40707-92CA-4CAD-AFB9-C02E5F52377C}.Release|x64.ActiveCfg = Release|x64
		{C7F40707-92CA-4CAD-AFB9-C02E5F52377C}.Release|x64.Build.0 = Release|x64
		{B1310CE4-11A5-4DCA-A5E7-2F21CDEF40A2}.Debug|x64.ActiveCfg = Debug|x64
		{B1310CE4-11A5-4DCA-A5E7-2F21CDEF40A2}.Debug|x64.Build.0 = Debug|x64
		{B1310CE4-11A5-4DCA-A5E7-2F21CDEF40A2}.Release|x64.ActiveCfg = Release|x64
		{B1310CE4-11A5-4DCA-A5E7-2F21CDEF40A2}.Release|x64.Build.0 = Release|x64
		{1FEA71AF-2EE0-4B5B-A68A-26D3022E322B}.Debug|x64.ActiveCfg = Debug|x64
		{1FEA71AF-2EE0-4B5B-A68A-26D3022E322B}.Debug|x64.Build.0 = Debug|x64
		{1FEA71AF-2EE0-4B5B-A68A-26D3022E322B}.Release|x64.ActiveCfg = Release|x64
		{1FEA71AF-2EE0-4B5B-A68A-26D3022E322B}.Release|x64.Build.0 = Release|x64
		{A4E4AE16-F7BC-4289-A135-F8384E2B8E9D}.Debug|x64.ActiveCfg = Debug|x64
		{A4E4AE16-F7BC-4289-A135-F8384E2B8E9D}.Debug|x64.Build.0 = Debug|x64
		{A4E4AE16-F7BC-4289-A135-F8384E2B8E9D}.Release|x64.ActiveCfg = Release|x64
		{A4E4AE16-F7BC-4289-A135-F8384E2B8E9D}.Release|x64.Build.0 = Release|x64
		{A4D4AD16-D7BC-4289-A135-D8388D2B8E9D}.Debug|x64.ActiveCfg = Debug|x64
		{A4D4AD16-D7BC-4289-A135-D8388D2B8E9D}.Debug|x64.Build.0 = Debug|x64
		{A4D4AD16-D7BC-4289-A135-D8388D2B8E9D}.Release|x64.ActiveCfg = Release|x64
		{A4D4AD16-D7BC-4289-A135-D8388D2B8E9D}.Release|x64.Build.0 = Release|x64
		{889FF08D-CE40-4573-9DF0-9A22183873B9}.Debug|x64.ActiveCfg = Debug|x64
		{889FF08D-CE40-4573-9DF0-9A22183873B9}.Debug|x64.Build.0 = Debug|x64
		{889FF08D-CE40-4573-9DF0-9A22183873B9}.Release|x64.ActiveCfg = Release|x64
		{889FF08D-CE40-4573-9DF0-9A22183873B9}.Release|x64.Build.0 = Release|x64
		{FC120668-AA9A-45C1-9B83-570F677C11D8}.Debug|x64.ActiveCfg = Debug|x64
		{FC120668-AA9A-45C1-9B83-570F677C11D8}.Debug|x64.Build.0 = Debug|x64
		{FC120668-AA9A-45C1-9B83-570F677C11D8}.Release|x64.ActiveCfg = Release|x64
		{FC120668-AA9A-45C1-9B83-570F677C11D8}.Release|x64.Build.0 = Release|x64
		{889FD0DD-DE40-4573-9DF0-9A22183873A9}.Debug|x64.ActiveCfg = Debug|x64
		{889FD0DD-DE40-4573-9DF0-9A22183873A9}.Debug|x64.Build.0 = Debug|x64
		{889FD0DD-DE40-4573-9DF0-9A22183873A9}.Release|x64.ActiveCfg = Release|x64
		{889FD0DD-DE40-4573-9DF0-9A22183873A9}.Release|x64.Build.0 = Release|x64
		{C7F407A7-92AA-4CAD-AFB9-C02E5F52377C}.Debug|x64.ActiveCfg = Debug|x64
		{C7F407A7-92AA-4CAD-AFB9-C02E5F52377C}.Debug|x64.Build.0 = Debug|x64
		{C7F407A7-92AA-4CAD-AFB9-C02E5F52377C}.Release|x64.ActiveCfg = Release|x64
		{C7F407A7-92AA-4CAD-AFB9-C02E5F52377C}.Release|x64.Build.0 = Release|x64
		{889CC0CD-DE40-4573-9DF0-9A22183873A9}.Debug|x64.ActiveCfg = Debug|x64
		{889CC0CD-DE40-4573-9DF0-9A22183873A9}.Debug|x64.Build.0 = Debug|x64
		{889CC0CD-DE40-4573-9DF0-9A22183873A9}.Release|x64.ActiveCfg = Release|x64
		{889CC0CD-DE40-4573-9DF0-9A22183873A9}.Release|x64.Build.0 = Release|x64
		{C7F40707-83CA-4CAD-AFB9-C02E5F52377C}.Debug|x64.ActiveCfg = Debug|x64
		{C7F40707-83CA-4CAD-AFB9-C02E5F52377C}.Debug|x64.Build.0 = Debug|x64
		{C7F40707-83CA-4CAD-AFB9-C02E5F52377C}.Release|x64.ActiveCfg = Release|x64
		{C7F40707-83CA-4CAD-AFB9-C02E5F52377C}.Release|x64.Build.0 = Release|x64
		{1FEA71AF-2ADC-4B5B-A68A-26D3022E322B}.Debug|x64.ActiveCfg = Debug|x64
		{1FEA71AF-2ADC-4B5B-A68A-26D3022E322B}.Debug|x64.Build.0 = Debug|x64
		{1FEA71AF-2ADC-4B5B-A68A-26D3022E322B}.Release|x64.ActiveCfg = Release|x64
		{1FEA71AF-2ADC-4B5B-A68A-26D3022E322B}.Release|x64.Build.0 = Release|x64
		{B1310CE4-33A1-4DCA-A5E7-2F21CDEF40A2}.Debug|x64.ActiveCfg = Debug|x64
		{B1310CE4-33A1-4DCA-A5E7-2F21CDEF40A2}.Debug|x64.Build.0 = Debug|x64
		{B1310CE4-33A1-4DCA-A5E7-2F21CDEF40A2}.Release|x64.ActiveCfg = Release|x64
		{B1310CE4-33A1-4DCA-A5E7-2F21CDEF40A2}.Release|x64.Build.0 = Release|x64
		{B1310CE5-55A5-4DCA-A5E7-2F21CDEF40A2}.Debug|x64.ActiveCfg = Debug|x64
		{B1310CE5-55A5-4DCA-A5E7-2F21CDEF40A2}.Debug|x64.Build.0 = Debug|x64
		{B1310CE5-55A5-4DCA-A5E7-2F21CDEF40A2}.Release|x64.ActiveCfg = Release|x64
		{B1310CE5-55A5-4DCA-A5E7-2F21CDEF40A2}.Release|x64.Build.0 = Release|x64
		{779AA08D-CE40-4573-9DF0-9A22183873B9}.Debug|x64.ActiveCfg = Debug|x64
		{779AA08D-CE40-4573-9DF0-9A22183873B9}.Debug|x64.Build.0 = Debug|x64
		{779AA08D-CE40-4573-9DF0-9A22183873B9}.Release|x64.ActiveCfg = Release|x64
		{779AA08D-CE40-4573-9DF0-9A22183873B9}.Release|x64.Build.0 = Release|x64
		{879AB08D-BE40-4573-9DF0-9A22183873B9}.Debug|x64.ActiveCfg = Debug|x64
		{879AB08D-BE40-4573-9DF0-9A22183873B9}.Debug|x64.Build.0 = Debug|x64
		{879AB08D-BE40-4573-9DF0-9A22183873B9}.Release|x64.ActiveCfg = Release|x64
		{879AB08D-BE40-4573-9DF0-9A22183873B9}.Release|x64.Build.0 = Release|x64
		{B1610CE5-66A5-4DCA-A5E7-2F21CDEF40A2}.Debug|x64.ActiveCfg = Debug|x64
		{B1610CE5-66A5-4DCA-A5E7-2F21CDEF40A2}.Debug|x64.Build.0 = Debug|x64
		{B1610CE5-66A5-4DCA-A5E7-2F21CDEF40A2}.Release|x64.ActiveCfg = Release|x64
		{B1610CE5-66A5-4DCA-A5E7-2F21CDEF40A2}.Release|x64.Build.0 = Release|x64
		{D1710CE5-73A5-4DCA-A5E7-2F21CDEF40A7}.Debug|x64.ActiveCfg = Debug|x64
		{D1710CE5-73A5-4DCA-A5E7-2F21CDEF40A7}.Debug|x64.Build.0 = Debug|x64
		{D1710CE5-73A5-4DCA-A5E7-2F21CDEF40A7}.Release|x64.ActiveCfg = Release|x64
		{D1710CE5-73A5-4DCA-A5E7-2F21CDEF40A7}.Release|x64.Build.0 = Release|x64
		{789AB08D-CE40-4573-9DF0-9A2218387349}.Debug|x64.ActiveCfg = Debug|x64
		{789AB08D-CE40-4573-9DF0-9A2218387349}.Debug|x64.Build.0 = Debug|x64
		{789AB08D-CE40-4573-9DF0-9A2218387349}.Release|x64.ActiveCfg = Release|x64
		{789AB08D-CE40-4573-9DF0-9A2218387349}.Release|x64.Build.0 = Release|x64
		{1AEF71FA-2EE0-4B5B-A68A-26D3022E322B}.Debug|x64.ActiveCfg = Debug|x64
		{1AEF71FA-2EE0-4B5B-A68A-26D3022E322B}.Debug|x64.Build.0 = Debug|x64
		{1AEF71FA-2EE0-4B5B-A68A-26D3022E322B}.Release|x64.ActiveCfg = Release|x64
		{1AEF71FA-2EE0-4B5B-A68A-26D3022E322B}.Release|x64.Build.0 = Release|x64
		{BAECD995-4E82-4B26-921F-6E6CD5B638D7}.Debug|x64.ActiveCfg = Debug|x64
		{BAECD995-4E82-4B26-921F-6E6CD5B638D7}.Debug|x64.Build.0 = Debug|x64
		{BAECD995-4E82-4B26-921F-6E6CD5B638D7}.Release|x64.ActiveCfg = Release|x64
		{BAECD995-4E82-4B26-921F-6E6CD5B638D7}.Release|x64.Build.0 = Release|x64
		{B3310CE5-53A5-4DCA-A5E7-2F21CDEF40A2}.Debug|x64.ActiveCfg = Debug|x64
		{B3310CE5-53A5-4DCA-A5E7-2F21CDEF40A2}.Debug|x64.Build.0 = Debug|x64
		{B3310CE5-53A5-4DCA-A5E7-2F21CDEF40A2}.Release|x64.ActiveCfg = Release|x64
		{B3310CE5-53A5-4DCA-A5E7-2F21CDEF40A2}.Release|x64.Build.0 = Release|x64
		{B3310CE5-53A5-4FCA-A5E7-2F21CDEA40A2}.Debug|x64.ActiveCfg = Debug|x64
		{B3310CE5-53A5-4FCA-A5E7-2F21CDEA40A2}.Debug|x64.Build.0 = Debug|x64
		{B3310CE5-53A5-4FCA-A5E7-2F21CDEA40A2}.Release|x64.ActiveCfg = Release|x64
		{B3310CE5-53A5-4FCA-A5E7-2F21CDEA40A2}.Release|x64.Build.0 = Release|x64
		{3C410CE5-53A5-4FCA-A5E7-2F21CDEA40A2}.Debug|x64.ActiveCfg = Debug|x64
		{3C410CE5-53A5-4FCA-A5E7-2F21CDEA40A2}.Debug|x64.Build.0 = Debug|x64
		{3C410CE5-53A5-4FCA-A5E7-2F21CDEA40A2}.Release|x64.ActiveCfg = Release|x64
		{3C410CE5-53A5-4FCA-A5E7-2F21CDEA40A2}.Release|x64.Build.0 = Release|x64
		{3A410CE5-0000-0000-0000-000000000000}.Debug|x64.ActiveCfg = Debug|x64
		{3A410CE5-0000-0000-0000-000000000000}.Debug|x64.Build.0 = Debug|x64
		{3A410CE5-0000-0000-0000-000000000000}.Release|x64.ActiveCfg = Release|x64
		{3A410CE5-0000-0000-0000-000000000000}.Release|x64.Build.0 = Release|x64
		{A3AA7FD1-5EA6-4550-9813-E8055C540506}.Debug|x64.ActiveCfg = Debug|x64
		{A3AA7FD1-5EA6-4550-9813-E8055C540506}.Debug|x64.Build.0 = Debug|x64
		{A3AA7FD1-5EA6-4550-9813-E8055C540506}.Release|x64.ActiveCfg = Release|x64
		{A3AA7FD1-5EA6-4550-9813-E8055C540506}.Release|x64.Build.0 = Release|x64
		{88F9D0DD-DE40-4573-9DF0-9A22183873A9}.Debug|x64.ActiveCfg = Debug|x64
		{88F9D0DD-DE40-4573-9DF0-9A22183873A9}.Debug|x64.Build.0 = Debug|x64
		{88F9D0DD-DE40-4573-9DF0-9A22183873A9}.Release|x64.ActiveCfg = Release|x64
		{88F9D0DD-DE40-4573-9DF0-9A22183873A9}.Release|x64.Build.0 = Release|x64
		{8803E9F8-4EEA-47F9-8B6F-748F5D874D68}.Debug|x64.ActiveCfg = Debug|x64
		{8803E9F8-4EEA-47F9-8B6F-748F5D874D68}.Debug|x64.Build.0 = Debug|x64
		{8803E9F8-4EEA-47F9-8B6F-748F5D874D68}.Release|x64.ActiveCfg = Release|x64
		{8803E9F8-4EEA-47F9-8B6F-748F5D874D68}.Release|x64.Build.0 = Release|x64
		{BAECD885-4E82-4B26-821F-6E6CD5B638D7}.Debug|x64.ActiveCfg = Debug|x64
		{BAECD885-4E82-4B26-821F-6E6CD5B638D7}.Debug|x64.Build.0 = Debug|x64
		{BAECD885-4E82-4B26-821F-6E6CD5B638D7}.Release|x64.ActiveCfg = Release|x64
		{BAECD885-4E82-4B26-821F-6E6CD5B638D7}.Release|x64.Build.0 = Release|x64
		{B1310CE5-65A7-1DCA-A5E7-2F21CDEF40A2}.Debug|x64.ActiveCfg = Debug|x64
		{B1310CE5-65A7-1DCA-A5E7-2F21CDEF40A2}.Debug|x64.Build.0 = Debug|x64
		{B1310CE5-65A7-1DCA-A5E7-2F21CDEF40A2}.Release|x64.ActiveCfg = Release|x64
		{B1310CE5-65A7-1DCA-A5E7-2F21CDEF40A2}.Release|x64.Build.0 = Release|x64
		{779AA08D-CA20-4573-9DF0-9A22183873B9}.Debug|x64.ActiveCfg = Debug|x64
		{779AA08D-CA20-4573-9DF0-9A22183873B9}.Debug|x64.Build.0 = Debug|x64
		{779AA08D-CA20-4573-9DF0-9A22183873B9}.Release|x64.ActiveCfg = Release|x64
		{779AA08D-CA20-4573-9DF0-9A22183873B9}.Release|x64.Build.0 = Release|x64
		{A4D4AD16-F8BC-4279-A135-D8387D2B8E9D}.Debug|x64.ActiveCfg = Debug|x64
		{A4D4AD16-F8BC-4279-A135-D8387D2B8E9D}.Debug|x64.Build.0 = Debug|x64
		{A4D4AD16-F8BC-4279-A135-D8387D2B8E9D}.Release|x64.ActiveCfg = Release|x64
		{A4D4AD16-F8BC-4279-A135-D8387D2B8E9D}.Release|x64.Build.0 = Release|x64
		{8503E9F8-4EEA-41F9-8B6F-718F5D874D67}.Debug|x64.ActiveCfg = Debug|x64
		{8503E9F8-4EEA-41F9-8B6F-718F5D874D67}.Debug|x64.Build.0 = Debug|x64
		{8503E9F8-4EEA-41F9-8B6F-718F5D874D67}.Release|x64.ActiveCfg = Release|x64
		{8503E9F8-4EEA-41F9-8B6F-718F5D874D67}.Release|x64.Build.0 = Release|x64
		{8503F1E8-4EEA-41F9-8B6F-718F5D874D67}.Debug|x64.ActiveCfg = Debug|x64
		{8503F1E8-4EEA-41F9-8B6F-718F5D874D67}.Debug|x64.Build.0 = Debug|x64
		{8503F1E8-4EEA-41F9-8B6F-718F5D874D67}.Release|x64.ActiveCfg = Release|x64
		{8503F1E8-4EEA-41F9-8B6F-718F5D874D67}.Release|x64.Build.0 = Release|x64
		{BAECD995-7E82-4B26-921F-6E6CD5B638D7}.Debug|x64.ActiveCfg = Debug|x64
		{BAECD995-7E82-4B26-921F-6E6CD5B638D7}.Debug|x64.Build.0 = Debug|x64
		{BAECD995-7E82-4B26-921F-6E6CD5B638D7}.Release|x64.ActiveCfg = Release|x64
		{BAECD995-7E82-4B26-921F-6E6CD5B638D7}.Release|x64.Build.0 = Release|x64
		{7103E9FC-4EEA-47F8-8B6F-748F5D874D67}.Debug|x64.ActiveCfg = Debug|x64
		{7103E9FC-4EEA-47F8-8B6F-748F5D874D67}.Debug|x64.Build.0 = Debug|x64
		{7103E9FC-4EEA-47F8-8B6F-748F5D874D67}.Release|x64.ActiveCfg = Release|x64
		{7103E9FC-4EEA-47F8-8B6F-748F5D874D67}.Release|x64.Build.0 = Release|x64
		{66E67FA5-F957-4078-92AD-53761D55D1C4}.Debug|x64.ActiveCfg = Debug|x64
		{66E67FA5-F957-4078-92AD-53761D55D1C4}.Debug|x64.Build.0 = Debug|x64
		{66E67FA5-F957-4078-92AD-53761D55D1C4}.Release|x64.ActiveCfg = Release|x64
		{66E67FA5-F957-4078-92AD-53761D55D1C4}.Release|x64.Build.0 = Release|x64
		{3A7E0A30-2AE6-4595-B88B-F76332025B50}.Debug|x64.ActiveCfg = Debug|x64
		{3A7E0A30-2AE6-4595-B88B-F76332025B50}.Debug|x64.Build.0 = Debug|x64
		{3A7E0A30-2AE6-4595-B88B-F76332025B50}.Release|x64.ActiveCfg = Release|x64
		{3A7E0A30-2AE6-4595-B88B-F76332025B50}.Release|x64.Build.0 = Release|x64
		{170E39CF-4EAE-47F9-8B6F-484F5D874D68}.Debug|x64.ActiveCfg = Debug|x64
		{170E39CF-4EAE-47F9-8B6F-484F5D874D68}.Debug|x64.Build.0 = Debug|x64
		{170E39CF-4EAE-47F9-8B6F-484F5D874D68}.Release|x64.ActiveCfg = Release|x64
		{170E39CF-4EAE-47F9-8B6F-484F5D874D68}.Release|x64.Build.0 = Release|x64
		{150E39CF-4EAE-47F9-8B6F-487F5D874D68}.Debug|x64.ActiveCfg = Debug|x64
		{150E39CF-4EAE-47F9-8B6F-487F5D874D68}.Debug|x64.Build.0 = Debug|x64
		{150E39CF-4EAE-47F9-8B6F-487F5D874D68}.Release|x64.ActiveCfg = Release|x64
		{150E39CF-4EAE-47F9-8B6F-487F5D874D68}.Release|x64.Build.0 = Release|x64
		{150E29CF-4EAE-47F9-2B6F-487F52874D68}.Debug|x64.ActiveCfg = Debug|x64
		{150E29CF-4EAE-47F9-2B6F-487F52874D68}.Debug|x64.Build.0 = Debug|x64
		{150E29CF-4EAE-47F9-2B6F-487F52874D68}.Release|x64.ActiveCfg = Release|x64
		{150E29CF-4EAE-47F9-2B6F-487F52874D68}.Release|x64.Build.0 = Release|x64
		{A4A4AD16-F7BC-5289-A135-E83D8D2B8E9C}.Debug|x64.ActiveCfg = Debug|x64
		{A4A4AD16-F7BC-5289-A135-E83D8D2B8E9C}.Debug|x64.Build.0 = Debug|x64
		{A4A4AD16-F7BC-5289-A135-E83D8D2B8E9C}.Release|x64.ActiveCfg = Release|x64
		{A4A4AD16-F7BC-5289-A135-E83D8D2B8E9C}.Release|x64.Build.0 = Release|x64
		{FC120668-AA9A-45C1-9B83-610F677C11D8}.Debug|x64.ActiveCfg = Debug|x64
		{FC120668-AA9A-45C1-9B83-610F677C11D8}.Debug|x64.Build.0 = Debug|x64
		{FC120668-AA9A-45C1-9B83-610F677C11D8}.Release|x64.ActiveCfg = Release|x64
		{FC120668-AA9A-45C1-9B83-610F677C11D8}.Release|x64.Build.0 = Release|x64
		{BAECD885-4E82-4B26-821F-6E6CD5B6470A}.Debug|x64.ActiveCfg = Debug|x64
		{BAECD885-4E82-4B26-821F-6E6CD5B6470A}.Debug|x64.Build.0 = Debug|x64
		{BAECD885-4E82-4B26-821F-6E6CD5B6470A}.Release|x64.ActiveCfg = Release|x64
		{BAECD885-4E82-4B26-821F-6E6CD5B6470A}.Release|x64.Build.0 = Release|x64
		{BAECD885-4E82-4B26-821F-6E6CD5B647A0}.Debug|x64.ActiveCfg = Debug|x64
		{BAECD885-4E82-4B26-821F-6E6CD5B647A0}.Debug|x64.Build.0 = Debug|x64
		{BAECD885-4E82-4B26-821F-6E6CD5B647A0}.Release|x64.ActiveCfg = Release|x64
		{BAECD885-4E82-4B26-821F-6E6CD5B647A0}.Release|x64.Build.0 = Release|x64
		{8503E9F8-4EEA-41F9-8B6F-778F5D877D67}.Debug|x64.ActiveCfg = Debug|x64
		{8503E9F8-4EEA-41F9-8B6F-778F5D877D67}.Debug|x64.Build.0 = Debug|x64
		{8503E9F8-4EEA-41F9-8B6F-778F5D877D67}.Release|x64.ActiveCfg = Release|x64
		{8503E9F8-4EEA-41F9-8B6F-778F5D877D67}.Release|x64.Build.0 = Release|x64
		{A9379F2F-0170-4575-A755-D07E649543AB}.Debug|x64.ActiveCfg = Debug|x64
		{A9379F2F-0170-4575-A755-D07E649543AB}.Debug|x64.Build.0 = Debug|x64
		{A9379F2F-0170-4575-A755-D07E649543AB}.Release|x64.ActiveCfg = Release|x64
		{A9379F2F-0170-4575-A755-D07E649543AB}.Release|x64.Build.0 = Release|x64
		{A4D4AD16-F8BC-4279-A135-D8387D2B8E9F}.Debug|x64.ActiveCfg = Debug|x64
		{A4D4AD16-F8BC-4279-A135-D8387D2B8E9F}.Debug|x64.Build.0 = Debug|x64
		{A4D4AD16-F8BC-4279-A135-D8387D2B8E9F}.Release|x64.ActiveCfg = Release|x64
		{A4D4AD16-F8BC-4279-A135-D8387D2B8E9F}.Release|x64.Build.0 = Release|x64
		{CE9404E3-8FEF-4024-8810-EC7A13D6C439}.Debug|x64.ActiveCfg = Debug|x64
		{CE9404E3-8FEF-4024-8810-EC7A13D6C439}.Debug|x64.Build.0 = Debug|x64
		{CE9404E3-8FEF-4024-8810-EC7A13D6C439}.Release|x64.ActiveCfg = Release|x64
		{CE9404E3-8FEF-4024-8810-EC7A13D6C439}.Release|x64.Build.0 = Release|x64
		{76174FDC-EA24-4243-A52D-05D8B019FF88}.Debug|x64.ActiveCfg = Debug|x64
		{76174FDC-EA24-4243-A52D-05D8B019FF88}.Debug|x64.Build.0 = Debug|x64
		{76174FDC-EA24-4243-A52D-05D8B019FF88}.Release|x64.ActiveCfg = Release|x64
		{76174FDC-EA24-4243-A52D-05D8B019FF88}.Release|x64.Build.0 = Release|x64
		{F0B61CB6-597A-4398-874A-D1E7FF31637D}.Debug|x64.ActiveCfg = Debug|x64
		{F0B61CB6-597A-4398-874A-D1E7FF31637D}.Debug|x64.Build.0 = Debug|x64
		{F0B61CB6-597A-4398-874A-D1E7FF31637D}.Release|x64.ActiveCfg = Release|x64
		{F0B61CB6-597A-4398-874A-D1E7FF31637D}.Release|x64.Build.0 = Release|x64
		{B22A1A81-0AF5-4016-BA45-6AF4B5F7F55F}.Debug|x64.ActiveCfg = Debug|x64
		{B22A1A81-0AF5-4016-BA45-6AF4B5F7F55F}.Debug|x64.Build.0 = Debug|x64
		{B22A1A81-0AF5-4016-BA45-6AF4B5F7F55F}.Release|x64.ActiveCfg = Release|x64
		{B22A1A81-0AF5-4016-BA45-6AF4B5F7F55F}.Release|x64.Build.0 = Release|x64
		{48ABEF65-A069-49BA-A474-B817334914BE}.Debug|x64.ActiveCfg = Debug|x64
		{48ABEF65-A069-49BA-A474-B817334914BE}.Debug|x64.Build.0 = Debug|x64
		{48ABEF65-A069-49BA-A474-B817334914BE}.Release|x64.ActiveCfg = Release|x64
		{48ABEF65-A069-49BA-A474-B817334914BE}.Release|x64.Build.0 = Release|x64
	EndGlobalSection
	GlobalSection(SolutionProperties) = preSolution
		HideSolutionNode = FALSE
	EndGlobalSection
	GlobalSection(NestedProjects) = preSolution
		{EB1DEFE8-ABF5-46EB-8320-0DA5A0FCA018} = {07284C4A-8F86-4FA2-BCBE-11FB7B0193FF}
		{3401F159-3E53-4A00-BAF6-B5302F3287BE} = {07284C4A-8F86-4FA2-BCBE-11FB7B0193FF}
		{92524D21-4E93-4C08-B0FB-C705F1B40103} = {17116CE1-F2C2-4151-8617-9E40F61A5C3B}
		{C6069551-F157-4912-9C46-3F5EC7CDB551} = {17116CE1-F2C2-4151-8617-9E40F61A5C3B}
		{B50862E3-ADC7-44F7-A1BF-763258D39CF1} = {F03053AE-3E87-449B-876B-1D30EB75BEA0}
		{7103E9FC-4EEA-47F9-8B6F-448F5D874D67} = {F03053AE-3E87-449B-876B-1D30EB75BEA0}
		{7103E9FC-4EEA-47F9-8B6F-748F5D874D67} = {F7E1ECAC-B5FE-4C7D-AE57-EAAA26CFA0ED}
		{7103E9FC-4EEA-47F9-8B6F-448F5D874D68} = {F03053AE-3E87-449B-876B-1D30EB75BEA0}
		{A4D4AD16-F7BC-4289-A135-E8388D2B8E9C} = {0C123792-9D7B-4522-AF08-4A5A9083BAEC}
		{1B63EF22-5E7D-42A1-B339-B95D2071BBFC} = {2A905732-BAEF-4C67-84F4-8F1430DBDF37}
		{C789D9DB-C87A-48E7-A409-7487F2552E86} = {F03053AE-3E87-449B-876B-1D30EB75BEA0}
		{889FF08D-CE40-4573-9DF0-9A22183873A9} = {92524D21-4E93-4C08-B0FB-C705F1B40103}
		{C7F40707-92CA-4CAD-AFB9-C02E5F52377C} = {92524D21-4E93-4C08-B0FB-C705F1B40103}
		{B1310CE4-11A5-4DCA-A5E7-2F21CDEF40A2} = {C6069551-F157-4912-9C46-3F5EC7CDB551}
		{1FEA71AF-2EE0-4B5B-A68A-26D3022E322B} = {C6069551-F157-4912-9C46-3F5EC7CDB551}
		{46ED9234-91DD-4C47-BCC8-232B32014C93} = {94A4A114-E5E5-4D16-B9FB-E1C251D76E21}
		{889FF08D-CE40-4573-9DF0-9A22183873B9} = {46ED9234-91DD-4C47-BCC8-232B32014C93}
		{FC120668-AA9A-45C1-9B83-570F677C11D8} = {46ED9234-91DD-4C47-BCC8-232B32014C93}
		{889FD0DD-DE40-4573-9DF0-9A22183873A9} = {C6360B7B-04FC-48D4-9BF2-98C7F7B5067F}
		{C7F407A7-92AA-4CAD-AFB9-C02E5F52377C} = {C6360B7B-04FC-48D4-9BF2-98C7F7B5067F}
		{C6360B7B-04FC-48D4-9BF2-98C7F7B5067F} = {17116CE1-F2C2-4151-8617-9E40F61A5C3B}
		{9817ABC2-2847-4917-ACA9-EFD4DECF20E1} = {F0416901-5E1B-4986-ABA4-6AF2CC29007C}
		{889CC0CD-DE40-4573-9DF0-9A22183873A9} = {9817ABC2-2847-4917-ACA9-EFD4DECF20E1}
		{C7F40707-83CA-4CAD-AFB9-C02E5F52377C} = {9817ABC2-2847-4917-ACA9-EFD4DECF20E1}
		{8B118BCB-7671-475E-8AFF-870BC7C079A5} = {41A56939-8A86-45BE-BF7D-E252F5B8F542}
		{1FEA71AF-2ADC-4B5B-A68A-26D3022E322B} = {98C76247-E331-4B97-8C74-B6F632D4E745}
		{B1310CE4-33A1-4DCA-A5E7-2F21CDEF40A2} = {98C76247-E331-4B97-8C74-B6F632D4E745}
		{98C76247-E331-4B97-8C74-B6F632D4E745} = {B34484C5-74AC-4C1B-80AD-C65AB92D6C84}
		{B1310CE5-55A5-4DCA-A5E7-2F21CDEF40A2} = {55263ABD-E554-4C60-8FA1-94E194D9B0EE}
		{55263ABD-E554-4C60-8FA1-94E194D9B0EE} = {B34484C5-74AC-4C1B-80AD-C65AB92D6C84}
		{779AA08D-CE40-4573-9DF0-9A22183873B9} = {55263ABD-E554-4C60-8FA1-94E194D9B0EE}
		{879AB08D-BE40-4573-9DF0-9A22183873B9} = {55263ABD-E554-4C60-8FA1-94E194D9B0EE}
		{B1610CE5-66A5-4DCA-A5E7-2F21CDEF40A2} = {55263ABD-E554-4C60-8FA1-94E194D9B0EE}
		{D1710CE5-73A5-4DCA-A5E7-2F21CDEF40A7} = {55263ABD-E554-4C60-8FA1-94E194D9B0EE}
		{789AB08D-CE40-4573-9DF0-9A2218387349} = {55263ABD-E554-4C60-8FA1-94E194D9B0EE}
		{1AEF71FA-2EE0-4B5B-A68A-26D3022E322B} = {2A905732-BAEF-4C67-84F4-8F1430DBDF37}
		{BAECD995-4E82-4B26-921F-6E6CD5B638D7} = {2A905732-BAEF-4C67-84F4-8F1430DBDF37}
		{B3310CE5-53A5-4DCA-A5E7-2F21CDEF40A2} = {D6D33DEC-373D-404F-B52F-D82DB98144DA}
		{D6D33DEC-373D-404F-B52F-D82DB98144DA} = {B34484C5-74AC-4C1B-80AD-C65AB92D6C84}
		{8CEFE857-896E-4D5E-B801-EE706442BB3D} = {B34484C5-74AC-4C1B-80AD-C65AB92D6C84}
		{B3310CE5-53A5-4FCA-A5E7-2F21CDEA40A2} = {8CEFE857-896E-4D5E-B801-EE706442BB3D}
		{3C410CE5-53A5-4FCA-A5E7-2F21CDEA40A2} = {8CEFE857-896E-4D5E-B801-EE706442BB3D}
		{3A410CE5-0000-0000-0000-000000000000} = {8CEFE857-896E-4D5E-B801-EE706442BB3D}
		{A3AA7FD1-5EA6-4550-9813-E8055C540506} = {8CEFE857-896E-4D5E-B801-EE706442BB3D}
		{88F9D0DD-DE40-4573-9DF0-9A22183873A9} = {9231D36B-21F9-4579-8B20-B5F258BD442D}
		{9231D36B-21F9-4579-8B20-B5F258BD442D} = {41A56939-8A86-45BE-BF7D-E252F5B8F542}
		{8803E9F8-4EEA-47F9-8B6F-748F5D874D68} = {8B118BCB-7671-475E-8AFF-870BC7C079A5}
		{BAECD885-4E82-4B26-821F-6E6CD5B638D7} = {2A905732-BAEF-4C67-84F4-8F1430DBDF37}
		{B1310CE5-65A7-1DCA-A5E7-2F21CDEF40A2} = {0ED3C51A-92DC-4321-97C4-0EDFC51837B0}
		{0ED3C51A-92DC-4321-97C4-0EDFC51837B0} = {B34484C5-74AC-4C1B-80AD-C65AB92D6C84}
		{779AA08D-CA20-4573-9DF0-9A22183873B9} = {0ED3C51A-92DC-4321-97C4-0EDFC51837B0}
		{A4D4AD16-F8BC-4279-A135-D8387D2B8E9D} = {F03053AE-3E87-449B-876B-1D30EB75BEA0}
		{28E23A63-5EFC-426D-9927-A5CAF7B2CD0E} = {41A56939-8A86-45BE-BF7D-E252F5B8F542}
		{8503E9F8-4EEA-41F9-8B6F-718F5D874D67} = {28E23A63-5EFC-426D-9927-A5CAF7B2CD0E}
		{8503F1E8-4EEA-41F9-8B6F-718F5D874D67} = {28E23A63-5EFC-426D-9927-A5CAF7B2CD0E}
		{BAECD995-7E82-4B26-921F-6E6CD5B638D7} = {F03053AE-3E87-449B-876B-1D30EB75BEA0}
		{7103E9FC-4EEA-47F8-8B6F-748F5D874D67} = {F7E1ECAC-B5FE-4C7D-AE57-EAAA26CFA0ED}
		{86915965-C8B9-4223-AD69-64721434B0FE} = {41A56939-8A86-45BE-BF7D-E252F5B8F542}
		{66E67FA5-F957-4078-92AD-53761D55D1C4} = {86915965-C8B9-4223-AD69-64721434B0FE}
		{3A7E0A30-2AE6-4595-B88B-F76332025B50} = {2A905732-BAEF-4C67-84F4-8F1430DBDF37}
		{170E39CF-4EAE-47F9-8B6F-484F5D874D68} = {F03053AE-3E87-449B-876B-1D30EB75BEA0}
		{150E39CF-4EAE-47F9-8B6F-487F5D874D68} = {F03053AE-3E87-449B-876B-1D30EB75BEA0}
		{150E29CF-4EAE-47F9-2B6F-487F52874D68} = {F03053AE-3E87-449B-876B-1D30EB75BEA0}
		{A4A4AD16-F7BC-5289-A135-E83D8D2B8E9C} = {17F3A510-CACF-41F4-B1D0-7ACE69BC847E}
		{FC120668-AA9A-45C1-9B83-610F677C11D8} = {46ED9234-91DD-4C47-BCC8-232B32014C93}
		{BAECD885-4E82-4B26-821F-6E6CD5B6470A} = {F03053AE-3E87-449B-876B-1D30EB75BEA0}
		{BAECD885-4E82-4B26-821F-6E6CD5B647A0} = {F03053AE-3E87-449B-876B-1D30EB75BEA0}
		{A4D4AD16-F8BC-4279-A135-D8387D2B8E9F} = {F03053AE-3E87-449B-876B-1D30EB75BEA0}
		{CE9404E3-8FEF-4024-8810-EC7A13D6C439} = {F03053AE-3E87-449B-876B-1D30EB75BEA0}
		{F0416901-5E1B-4986-ABA4-6AF2CC29007C} = {41A56939-8A86-45BE-BF7D-E252F5B8F542}
		{BC5C5B1B-FE11-44E5-B9A1-4F04F25B9740} = {17116CE1-F2C2-4151-8617-9E40F61A5C3B}
		{76174FDC-EA24-4243-A52D-05D8B019FF88} = {BC5C5B1B-FE11-44E5-B9A1-4F04F25B9740}
		{F0B61CB6-597A-4398-874A-D1E7FF31637D} = {2A905732-BAEF-4C67-84F4-8F1430DBDF37}
		{B22A1A81-0AF5-4016-BA45-6AF4B5F7F55F} = {F03053AE-3E87-449B-876B-1D30EB75BEA0}
	EndGlobalSection
	GlobalSection(ExtensibilityGlobals) = postSolution
		SolutionGuid = {B20EE63D-65E6-4B99-A6D0-40BC1562830D}
	EndGlobalSection
EndGlobal
